// !$*UTF8*$!
{
	archiveVersion = 1;
	classes = {
	};
	objectVersion = 50;
	objects = {

/* Begin PBXBuildFile section */
		BB60FCAE21A5326B00ED5956 /* AppDelegate.m in Sources */ = {isa = PBXBuildFile; fileRef = BB60FCAD21A5326B00ED5956 /* AppDelegate.m */; };
		BB60FCB121A5326B00ED5956 /* ViewController.m in Sources */ = {isa = PBXBuildFile; fileRef = BB60FCB021A5326B00ED5956 /* ViewController.m */; };
		BB60FCB421A5326B00ED5956 /* Main.storyboard in Resources */ = {isa = PBXBuildFile; fileRef = BB60FCB221A5326B00ED5956 /* Main.storyboard */; };
		BB60FCB621A5326B00ED5956 /* Assets.xcassets in Resources */ = {isa = PBXBuildFile; fileRef = BB60FCB521A5326B00ED5956 /* Assets.xcassets */; };
		BB60FCB921A5326B00ED5956 /* LaunchScreen.storyboard in Resources */ = {isa = PBXBuildFile; fileRef = BB60FCB721A5326B00ED5956 /* LaunchScreen.storyboard */; };
		BB60FCBC21A5326B00ED5956 /* main.m in Sources */ = {isa = PBXBuildFile; fileRef = BB60FCBB21A5326B00ED5956 /* main.m */; };
		BB60FCEB21A546B200ED5956 /* Target_A.m in Sources */ = {isa = PBXBuildFile; fileRef = BB60FCEA21A546B200ED5956 /* Target_A.m */; };
		BB60FCEF21A546EE00ED5956 /* AViewController.m in Sources */ = {isa = PBXBuildFile; fileRef = BB60FCED21A546EE00ED5956 /* AViewController.m */; };
/* End PBXBuildFile section */

/* Begin PBXFileReference section */
		BB60FCA921A5326B00ED5956 /* A.app */ = {isa = PBXFileReference; explicitFileType = wrapper.application; includeInIndex = 0; path = A.app; sourceTree = BUILT_PRODUCTS_DIR; };
		BB60FCAC21A5326B00ED5956 /* AppDelegate.h */ = {isa = PBXFileReference; lastKnownFileType = sourcecode.c.h; path = AppDelegate.h; sourceTree = "<group>"; };
		BB60FCAD21A5326B00ED5956 /* AppDelegate.m */ = {isa = PBXFileReference; lastKnownFileType = sourcecode.c.objc; path = AppDelegate.m; sourceTree = "<group>"; };
		BB60FCAF21A5326B00ED5956 /* ViewController.h */ = {isa = PBXFileReference; lastKnownFileType = sourcecode.c.h; path = ViewController.h; sourceTree = "<group>"; };
		BB60FCB021A5326B00ED5956 /* ViewController.m */ = {isa = PBXFileReference; lastKnownFileType = sourcecode.c.objc; path = ViewController.m; sourceTree = "<group>"; };
		BB60FCB321A5326B00ED5956 /* Base */ = {isa = PBXFileReference; lastKnownFileType = file.storyboard; name = Base; path = Base.lproj/Main.storyboard; sourceTree = "<group>"; };
		BB60FCB521A5326B00ED5956 /* Assets.xcassets */ = {isa = PBXFileReference; lastKnownFileType = folder.assetcatalog; path = Assets.xcassets; sourceTree = "<group>"; };
		BB60FCB821A5326B00ED5956 /* Base */ = {isa = PBXFileReference; lastKnownFileType = file.storyboard; name = Base; path = Base.lproj/LaunchScreen.storyboard; sourceTree = "<group>"; };
		BB60FCBA21A5326B00ED5956 /* Info.plist */ = {isa = PBXFileReference; lastKnownFileType = text.plist.xml; path = Info.plist; sourceTree = "<group>"; };
		BB60FCBB21A5326B00ED5956 /* main.m */ = {isa = PBXFileReference; lastKnownFileType = sourcecode.c.objc; path = main.m; sourceTree = "<group>"; };
		BB60FCE921A546B200ED5956 /* Target_A.h */ = {isa = PBXFileReference; lastKnownFileType = sourcecode.c.h; path = Target_A.h; sourceTree = "<group>"; };
		BB60FCEA21A546B200ED5956 /* Target_A.m */ = {isa = PBXFileReference; lastKnownFileType = sourcecode.c.objc; path = Target_A.m; sourceTree = "<group>"; };
		BB60FCED21A546EE00ED5956 /* AViewController.m */ = {isa = PBXFileReference; fileEncoding = 4; lastKnownFileType = sourcecode.c.objc; path = AViewController.m; sourceTree = "<group>"; };
		BB60FCEE21A546EE00ED5956 /* AViewController.h */ = {isa = PBXFileReference; fileEncoding = 4; lastKnownFileType = sourcecode.c.h; path = AViewController.h; sourceTree = "<group>"; };
/* End PBXFileReference section */

/* Begin PBXFrameworksBuildPhase section */
		BB60FCA621A5326B00ED5956 /* Frameworks */ = {
			isa = PBXFrameworksBuildPhase;
			buildActionMask = 2147483647;
			files = (
			);
			runOnlyForDeploymentPostprocessing = 0;
		};
/* End PBXFrameworksBuildPhase section */

/* Begin PBXGroup section */
		BB60FCA021A5326B00ED5956 = {
			isa = PBXGroup;
			children = (
				BB60FCAB21A5326B00ED5956 /* A */,
				BB60FCAA21A5326B00ED5956 /* Products */,
			);
			sourceTree = "<group>";
		};
		BB60FCAA21A5326B00ED5956 /* Products */ = {
			isa = PBXGroup;
			children = (
				BB60FCA921A5326B00ED5956 /* A.app */,
			);
			name = Products;
			sourceTree = "<group>";
		};
		BB60FCAB21A5326B00ED5956 /* A */ = {
			isa = PBXGroup;
			children = (
				BB60FCEC21A546EE00ED5956 /* A */,
				BB60FCE821A5469300ED5956 /* Targets */,
				BB60FCAC21A5326B00ED5956 /* AppDelegate.h */,
				BB60FCAD21A5326B00ED5956 /* AppDelegate.m */,
				BB60FCAF21A5326B00ED5956 /* ViewController.h */,
				BB60FCB021A5326B00ED5956 /* ViewController.m */,
				BB60FCB221A5326B00ED5956 /* Main.storyboard */,
				BB60FCB521A5326B00ED5956 /* Assets.xcassets */,
				BB60FCB721A5326B00ED5956 /* LaunchScreen.storyboard */,
				BB60FCBA21A5326B00ED5956 /* Info.plist */,
				BB60FCBB21A5326B00ED5956 /* main.m */,
			);
			path = A;
			sourceTree = "<group>";
		};
		BB60FCE821A5469300ED5956 /* Targets */ = {
			isa = PBXGroup;
			children = (
				BB60FCE921A546B200ED5956 /* Target_A.h */,
				BB60FCEA21A546B200ED5956 /* Target_A.m */,
			);
			path = Targets;
			sourceTree = "<group>";
		};
		BB60FCEC21A546EE00ED5956 /* A */ = {
			isa = PBXGroup;
			children = (
				BB60FCED21A546EE00ED5956 /* AViewController.m */,
				BB60FCEE21A546EE00ED5956 /* AViewController.h */,
			);
			path = A;
			sourceTree = "<group>";
		};
/* End PBXGroup section */

/* Begin PBXNativeTarget section */
		BB60FCA821A5326B00ED5956 /* A */ = {
			isa = PBXNativeTarget;
			buildConfigurationList = BB60FCBF21A5326B00ED5956 /* Build configuration list for PBXNativeTarget "A" */;
			buildPhases = (
				BB60FCA521A5326B00ED5956 /* Sources */,
				BB60FCA621A5326B00ED5956 /* Frameworks */,
				BB60FCA721A5326B00ED5956 /* Resources */,
			);
			buildRules = (
			);
			dependencies = (
			);
			name = A;
			productName = A;
			productReference = BB60FCA921A5326B00ED5956 /* A.app */;
			productType = "com.apple.product-type.application";
		};
/* End PBXNativeTarget section */

/* Begin PBXProject section */
		BB60FCA121A5326B00ED5956 /* Project object */ = {
			isa = PBXProject;
			attributes = {
				LastUpgradeCheck = 1010;
				ORGANIZATIONNAME = suixingpay;
				TargetAttributes = {
					BB60FCA821A5326B00ED5956 = {
						CreatedOnToolsVersion = 10.1;
					};
				};
			};
			buildConfigurationList = BB60FCA421A5326B00ED5956 /* Build configuration list for PBXProject "A" */;
			compatibilityVersion = "Xcode 9.3";
			developmentRegion = en;
			hasScannedForEncodings = 0;
			knownRegions = (
				en,
				Base,
			);
			mainGroup = BB60FCA021A5326B00ED5956;
			productRefGroup = BB60FCAA21A5326B00ED5956 /* Products */;
			projectDirPath = "";
			projectRoot = "";
			targets = (
				BB60FCA821A5326B00ED5956 /* A */,
			);
		};
/* End PBXProject section */

/* Begin PBXResourcesBuildPhase section */
		BB60FCA721A5326B00ED5956 /* Resources */ = {
			isa = PBXResourcesBuildPhase;
			buildActionMask = 2147483647;
			files = (
				BB60FCB921A5326B00ED5956 /* LaunchScreen.storyboard in Resources */,
				BB60FCB621A5326B00ED5956 /* Assets.xcassets in Resources */,
				BB60FCB421A5326B00ED5956 /* Main.storyboard in Resources */,
			);
			runOnlyForDeploymentPostprocessing = 0;
		};
/* End PBXResourcesBuildPhase section */

/* Begin PBXSourcesBuildPhase section */
		BB60FCA521A5326B00ED5956 /* Sources */ = {
			isa = PBXSourcesBuildPhase;
			buildActionMask = 2147483647;
			files = (
				BB60FCEB21A546B200ED5956 /* Target_A.m in Sources */,
				BB60FCEF21A546EE00ED5956 /* AViewController.m in Sources */,
				BB60FCB121A5326B00ED5956 /* ViewController.m in Sources */,
				BB60FCBC21A5326B00ED5956 /* main.m in Sources */,
				BB60FCAE21A5326B00ED5956 /* AppDelegate.m in Sources */,
			);
			runOnlyForDeploymentPostprocessing = 0;
		};
/* End PBXSourcesBuildPhase section */

/* Begin PBXVariantGroup section */
		BB60FCB221A5326B00ED5956 /* Main.storyboard */ = {
			isa = PBXVariantGroup;
			children = (
				BB60FCB321A5326B00ED5956 /* Base */,
			);
			name = Main.storyboard;
			sourceTree = "<group>";
		};
		BB60FCB721A5326B00ED5956 /* LaunchScreen.storyboard */ = {
			isa = PBXVariantGroup;
			children = (
				BB60FCB821A5326B00ED5956 /* Base */,
			);
			name = LaunchScreen.storyboard;
			sourceTree = "<group>";
		};
/* End PBXVariantGroup section */

/* Begin XCBuildConfiguration section */
		BB60FCBD21A5326B00ED5956 /* Debug */ = {
			isa = XCBuildConfiguration;
			buildSettings = {
				ALWAYS_SEARCH_USER_PATHS = NO;
				CLANG_ANALYZER_NONNULL = YES;
				CLANG_ANALYZER_NUMBER_OBJECT_CONVERSION = YES_AGGRESSIVE;
				CLANG_CXX_LANGUAGE_STANDARD = "gnu++14";
				CLANG_CXX_LIBRARY = "libc++";
				CLANG_ENABLE_MODULES = YES;
				CLANG_ENABLE_OBJC_ARC = YES;
				CLANG_ENABLE_OBJC_WEAK = YES;
				CLANG_WARN_BLOCK_CAPTURE_AUTORELEASING = YES;
				CLANG_WARN_BOOL_CONVERSION = YES;
				CLANG_WARN_COMMA = YES;
				CLANG_WARN_CONSTANT_CONVERSION = YES;
				CLANG_WARN_DEPRECATED_OBJC_IMPLEMENTATIONS = YES;
				CLANG_WARN_DIRECT_OBJC_ISA_USAGE = YES_ERROR;
				CLANG_WARN_DOCUMENTATION_COMMENTS = YES;
				CLANG_WARN_EMPTY_BODY = YES;
				CLANG_WARN_ENUM_CONVERSION = YES;
				CLANG_WARN_INFINITE_RECURSION = YES;
				CLANG_WARN_INT_CONVERSION = YES;
				CLANG_WARN_NON_LITERAL_NULL_CONVERSION = YES;
				CLANG_WARN_OBJC_IMPLICIT_RETAIN_SELF = YES;
				CLANG_WARN_OBJC_LITERAL_CONVERSION = YES;
				CLANG_WARN_OBJC_ROOT_CLASS = YES_ERROR;
				CLANG_WARN_RANGE_LOOP_ANALYSIS = YES;
				CLANG_WARN_STRICT_PROTOTYPES = YES;
				CLANG_WARN_SUSPICIOUS_MOVE = YES;
				CLANG_WARN_UNGUARDED_AVAILABILITY = YES_AGGRESSIVE;
				CLANG_WARN_UNREACHABLE_CODE = YES;
				CLANG_WARN__DUPLICATE_METHOD_MATCH = YES;
				CODE_SIGN_IDENTITY = "iPhone Developer";
				COPY_PHASE_STRIP = NO;
				DEBUG_INFORMATION_FORMAT = dwarf;
				ENABLE_STRICT_OBJC_MSGSEND = YES;
				ENABLE_TESTABILITY = YES;
				GCC_C_LANGUAGE_STANDARD = gnu11;
				GCC_DYNAMIC_NO_PIC = NO;
				GCC_NO_COMMON_BLOCKS = YES;
				GCC_OPTIMIZATION_LEVEL = 0;
				GCC_PREPROCESSOR_DEFINITIONS = (
					"DEBUG=1",
					"$(inherited)",
				);
				GCC_WARN_64_TO_32_BIT_CONVERSION = YES;
				GCC_WARN_ABOUT_RETURN_TYPE = YES_ERROR;
				GCC_WARN_UNDECLARED_SELECTOR = YES;
				GCC_WARN_UNINITIALIZED_AUTOS = YES_AGGRESSIVE;
				GCC_WARN_UNUSED_FUNCTION = YES;
				GCC_WARN_UNUSED_VARIABLE = YES;
				IPHONEOS_DEPLOYMENT_TARGET = 12.1;
				MTL_ENABLE_DEBUG_INFO = INCLUDE_SOURCE;
				MTL_FAST_MATH = YES;
				ONLY_ACTIVE_ARCH = YES;
				SDKROOT = iphoneos;
			};
			name = Debug;
		};
		BB60FCBE21A5326B00ED5956 /* Release */ = {
			isa = XCBuildConfiguration;
			buildSettings = {
				ALWAYS_SEARCH_USER_PATHS = NO;
				CLANG_ANALYZER_NONNULL = YES;
				CLANG_ANALYZER_NUMBER_OBJECT_CONVERSION = YES_AGGRESSIVE;
				CLANG_CXX_LANGUAGE_STANDARD = "gnu++14";
				CLANG_CXX_LIBRARY = "libc++";
				CLANG_ENABLE_MODULES = YES;
				CLANG_ENABLE_OBJC_ARC = YES;
				CLANG_ENABLE_OBJC_WEAK = YES;
				CLANG_WARN_BLOCK_CAPTURE_AUTORELEASING = YES;
				CLANG_WARN_BOOL_CONVERSION = YES;
				CLANG_WARN_COMMA = YES;
				CLANG_WARN_CONSTANT_CONVERSION = YES;
				CLANG_WARN_DEPRECATED_OBJC_IMPLEMENTATIONS = YES;
				CLANG_WARN_DIRECT_OBJC_ISA_USAGE = YES_ERROR;
				CLANG_WARN_DOCUMENTATION_COMMENTS = YES;
				CLANG_WARN_EMPTY_BODY = YES;
				CLANG_WARN_ENUM_CONVERSION = YES;
				CLANG_WARN_INFINITE_RECURSION = YES;
				CLANG_WARN_INT_CONVERSION = YES;
				CLANG_WARN_NON_LITERAL_NULL_CONVERSION = YES;
				CLANG_WARN_OBJC_IMPLICIT_RETAIN_SELF = YES;
				CLANG_WARN_OBJC_LITERAL_CONVERSION = YES;
				CLANG_WARN_OBJC_ROOT_CLASS = YES_ERROR;
				CLANG_WARN_RANGE_LOOP_ANALYSIS = YES;
				CLANG_WARN_STRICT_PROTOTYPES = YES;
				CLANG_WARN_SUSPICIOUS_MOVE = YES;
				CLANG_WARN_UNGUARDED_AVAILABILITY = YES_AGGRESSIVE;
				CLANG_WARN_UNREACHABLE_CODE = YES;
				CLANG_WARN__DUPLICATE_METHOD_MATCH = YES;
				CODE_SIGN_IDENTITY = "iPhone Developer";
				COPY_PHASE_STRIP = NO;
				DEBUG_INFORMATION_FORMAT = "dwarf-with-dsym";
				ENABLE_NS_ASSERTIONS = NO;
				ENABLE_STRICT_OBJC_MSGSEND = YES;
				GCC_C_LANGUAGE_STANDARD = gnu11;
				GCC_NO_COMMON_BLOCKS = YES;
				GCC_WARN_64_TO_32_BIT_CONVERSION = YES;
				GCC_WARN_ABOUT_RETURN_TYPE = YES_ERROR;
				GCC_WARN_UNDECLARED_SELECTOR = YES;
				GCC_WARN_UNINITIALIZED_AUTOS = YES_AGGRESSIVE;
				GCC_WARN_UNUSED_FUNCTION = YES;
				GCC_WARN_UNUSED_VARIABLE = YES;
				IPHONEOS_DEPLOYMENT_TARGET = 12.1;
				MTL_ENABLE_DEBUG_INFO = NO;
				MTL_FAST_MATH = YES;
				SDKROOT = iphoneos;
				VALIDATE_PRODUCT = YES;
			};
			name = Release;
		};
		BB60FCC021A5326B00ED5956 /* Debug */ = {
			isa = XCBuildConfiguration;
			buildSettings = {
				ASSETCATALOG_COMPILER_APPICON_NAME = AppIcon;
				CODE_SIGN_STYLE = Automatic;
				DEVELOPMENT_TEAM = 23SFV4F8NR;
				INFOPLIST_FILE = A/Info.plist;
				LD_RUNPATH_SEARCH_PATHS = (
					"$(inherited)",
					"@executable_path/Frameworks",
				);
				PRODUCT_BUNDLE_IDENTIFIER = com.suixingpay.A;
				PRODUCT_NAME = "$(TARGET_NAME)";
				TARGETED_DEVICE_FAMILY = "1,2";
			};
			name = Debug;
		};
		BB60FCC121A5326B00ED5956 /* Release */ = {
			isa = XCBuildConfiguration;
			buildSettings = {
				ASSETCATALOG_COMPILER_APPICON_NAME = AppIcon;
				CODE_SIGN_STYLE = Automatic;
				DEVELOPMENT_TEAM = 23SFV4F8NR;
				INFOPLIST_FILE = A/Info.plist;
				LD_RUNPATH_SEARCH_PATHS = (
					"$(inherited)",
					"@executable_path/Frameworks",
				);
				PRODUCT_BUNDLE_IDENTIFIER = com.suixingpay.A;
				PRODUCT_NAME = "$(TARGET_NAME)";
				TARGETED_DEVICE_FAMILY = "1,2";
			};
			name = Release;
		};
/* End XCBuildConfiguration section */

/* Begin XCConfigurationList section */
		BB60FCA421A5326B00ED5956 /* Build configuration list for PBXProject "A" */ = {
			isa = XCConfigurationList;
			buildConfigurations = (
				BB60FCBD21A5326B00ED5956 /* Debug */,
				BB60FCBE21A5326B00ED5956 /* Release */,
			);
			defaultConfigurationIsVisible = 0;
			defaultConfigurationName = Release;
		};
		BB60FCBF21A5326B00ED5956 /* Build configuration list for PBXNativeTarget "A" */ = {
			isa = XCConfigurationList;
			buildConfigurations = (
				BB60FCC021A5326B00ED5956 /* Debug */,
				BB60FCC121A5326B00ED5956 /* Release */,
			);
			defaultConfigurationIsVisible = 0;
			defaultConfigurationName = Release;
		};
/* End XCConfigurationList section */
	};
	rootObject = BB60FCA121A5326B00ED5956 /* Project object */;
}
